
Microsoft Visual Studio Solution File, Format Version 11.00
# Visual C++ Express 2010
Project("{8BC9CEB8-8B4A-11D0-8D11-00A0C91BC942}") = "batclip", "batclip.vcxproj", "{A0A08797-1F1E-4C48-8C0A-7EC14ABBE757}"
EndProject
Global
	GlobalSection(SolutionConfigurationPlatforms) = preSolution
		Debug|Win32 = Debug|Win32
		Release|Win32 = Release|Win32
	EndGlobalSection
	GlobalSection(ProjectConfigurationPlatforms) = postSolution
		{A0A08797-1F1E-4C48-8C0A-7EC14ABBE757}.Debug|Win32.ActiveCfg = Debug|Win32
		{A0A08797-1F1E-4C48-8C0A-7EC14ABBE757}.Debug|Win32.Build.0 = Debug|Win32
		{A0A08797-1F1E-4C48-8C0A-7EC14ABBE757}.Release|Win32.ActiveCfg = Release|Win32
		{A0A08797-1F1E-4C48-8C0A-7EC14ABBE757}.Release|Win32.Build.0 = Release|Win32
	EndGlobalSection
	GlobalSection(SolutionProperties) = preSolution
		HideSolutionNode = FALSE
	EndGlobalSection
EndGlobal
